
Microsoft Visual Studio Solution File, Format Version 12.00
# Visual Studio 15
VisualStudioVersion = 15.0.26430.15
MinimumVisualStudioVersion = 10.0.40219.1
Project("{FAE04EC0-301F-11D3-BF4B-00C04F79EFBC}") = "Practicando", "Practicando\Practicando.csproj", "{CCD41171-4F7A-4CF7-A7B3-385E88362FB2}"
EndProject
Project("{FAE04EC0-301F-11D3-BF4B-00C04F79EFBC}") = "EF_Practice", "EF_Practice\EF_Practice.csproj", "{4887B49B-0716-4844-B918-4FC8E53AC68A}"
EndProject
Global
	GlobalSection(SolutionConfigurationPlatforms) = preSolution
		Debug|Any CPU = Debug|Any CPU
		Release|Any CPU = Release|Any CPU
	EndGlobalSection
	GlobalSection(ProjectConfigurationPlatforms) = postSolution
		{CCD41171-4F7A-4CF7-A7B3-385E88362FB2}.Debug|Any CPU.ActiveCfg = Debug|Any CPU
		{CCD41171-4F7A-4CF7-A7B3-385E88362FB2}.Debug|Any CPU.Build.0 = Debug|Any CPU
		{CCD41171-4F7A-4CF7-A7B3-385E88362FB2}.Release|Any CPU.ActiveCfg = Release|Any CPU
		{CCD41171-4F7A-4CF7-A7B3-385E88362FB2}.Release|Any CPU.Build.0 = Release|Any CPU
		{4887B49B-0716-4844-B918-4FC8E53AC68A}.Debug|Any CPU.ActiveCfg = Debug|Any CPU
		{4887B49B-0716-4844-B918-4FC8E53AC68A}.Debug|Any CPU.Build.0 = Debug|Any CPU
		{4887B49B-0716-4844-B918-4FC8E53AC68A}.Release|Any CPU.ActiveCfg = Release|Any CPU
		{4887B49B-0716-4844-B918-4FC8E53AC68A}.Release|Any CPU.Build.0 = Release|Any CPU
	EndGlobalSection
	GlobalSection(SolutionProperties) = preSolution
		HideSolutionNode = FALSE
	EndGlobalSection
EndGlobal
